# This file is generated by running "yarn install" inside your project.
# Manual changes might be lost - proceed with caution!

__metadata:
  version: 4
  cacheKey: 7

"@types/ioredis@npm:^4.17.7":
  version: 4.17.7
  resolution: "@types/ioredis@npm:4.17.7"
  dependencies:
    "@types/node": "*"
  checksum: 3234ccf21a7e766dbc71878e723e864cf9c842d1163885720a5af5f0f5cbc8150dc4031c6dd48b672534efcb648d34fed0d36a7b2fb9eaa371feae618ec731e5
  languageName: node
  linkType: hard

"@types/node@npm:*":
  version: 14.14.7
  resolution: "@types/node@npm:14.14.7"
  checksum: 4fc8434bfe81c2a3102fa76777712ecee9e9177d43ec5929ba0dfd5a77a6c459cf10a37df64ea880a328f06973f6210eabf04b312428e309b2e8998147a6cd63
  languageName: node
  linkType: hard

"aws-sdk@npm:^2.790.0":
  version: 2.790.0
  resolution: "aws-sdk@npm:2.790.0"
  dependencies:
    buffer: 4.9.2
    events: 1.1.1
    ieee754: 1.1.13
    jmespath: 0.15.0
    querystring: 0.2.0
    sax: 1.2.1
    url: 0.10.3
    uuid: 3.3.2
    xml2js: 0.4.19
  checksum: 043de331bc89661409316b41433dd943a4752930827a4f77c592f862b765866bdc6f84d9594b353507755c374cdfb6347ad21217b8001e85d655c1252e7e07a1
  languageName: node
  linkType: hard

"base64-js@npm:^1.0.2":
  version: 1.5.1
  resolution: "base64-js@npm:1.5.1"
  checksum: c1b41a26ddc6620eb7f1ee6c29c812f5942a4e328e74263f995872cfb8ca3aee08542beb25cd10fd7ef16e4f16603e25c35a26e776c01fd55277e5035e829e0e
  languageName: node
  linkType: hard

"buffer@npm:4.9.2":
  version: 4.9.2
  resolution: "buffer@npm:4.9.2"
  dependencies:
    base64-js: ^1.0.2
    ieee754: ^1.1.4
    isarray: ^1.0.0
  checksum: e29ecda22aa854008e26a8df294be1e5339a3bec8cbf537a794fecf63a024da68165743bc9afb1524909c74d8b03392e93a9c8fa5c2b064b1b2a52d4680c204e
  languageName: node
  linkType: hard

"cluster-key-slot@npm:^1.1.0":
  version: 1.1.0
  resolution: "cluster-key-slot@npm:1.1.0"
  checksum: 3b41b06942f6b0df71029dec9df6a272be2ab78353d60fcdc5a4af3b88a749d7fb2d1d3b092db0108b2bdd104086c03edcaa3b25ef432590bb954981d6cd7715
  languageName: node
  linkType: hard

"debug@npm:^4.1.1":
  version: 4.3.0
  resolution: "debug@npm:4.3.0"
  dependencies:
    ms: 2.1.2
  peerDependenciesMeta:
    supports-color:
      optional: true
  checksum: 847d2760d1493cfaef53fb67d8943c6afaba30472d7527450c19919d230dde04f2275dd8dd5c2874c7103787c190d3b5d3dbc2ee7596a12d853a2ce35c4b8b1b
  languageName: node
  linkType: hard

"denque@npm:^1.1.0":
  version: 1.4.1
  resolution: "denque@npm:1.4.1"
  checksum: 174e81b3c9407b2149216d9e793fb91d901c19b1225dceefdafe32d5abeca243382ffee9bb111a1f60e42d2791b457d029bb57379d48404b2fb351bf700b6a8c
  languageName: node
  linkType: hard

"events@npm:1.1.1":
  version: 1.1.1
  resolution: "events@npm:1.1.1"
  checksum: ec57b605851d6c4421fb2b0c86af432e87dd94b8b8cd936d74383a19e66a0d7e4af27f6a946ad49dad7e9c66000f3b16ef33e38ec12e31dc69d1b36321bc00ce
  languageName: node
  linkType: hard

"experiment@workspace:.":
  version: 0.0.0-use.local
  resolution: "experiment@workspace:."
  dependencies:
    "@types/ioredis": ^4.17.7
    aws-sdk: ^2.790.0
    ioredis: ^4.19.2
    typescript: ^4.0.5
  languageName: unknown
  linkType: soft

"ieee754@npm:1.1.13, ieee754@npm:^1.1.4":
  version: 1.1.13
  resolution: "ieee754@npm:1.1.13"
  checksum: 9ef12932e8aeae1c614f314783b3770fac5daae7ae92ebffcda97da58efd77c0289181093666f6048e02c566ceeec4d0edf3b04b57ce8e0b57e9b3814a870469
  languageName: node
  linkType: hard

"ioredis@npm:^4.19.2":
  version: 4.19.2
  resolution: "ioredis@npm:4.19.2"
  dependencies:
    cluster-key-slot: ^1.1.0
    debug: ^4.1.1
    denque: ^1.1.0
    lodash.defaults: ^4.2.0
    lodash.flatten: ^4.4.0
    p-map: ^2.1.0
    redis-commands: 1.6.0
    redis-errors: ^1.2.0
    redis-parser: ^3.0.0
    standard-as-callback: ^2.0.1
  checksum: 4ab4be67ea60ca508f480890ee0135365cc28423163601333e2bfc1b0f1b9957786984daca284b76cd55cf1c2c4cdc81e303814c8ac353dce5b7e029d15dcb34
  languageName: node
  linkType: hard

"isarray@npm:^1.0.0":
  version: 1.0.0
  resolution: "isarray@npm:1.0.0"
  checksum: b0ff31a290e783f7b3fb73f2951ee7fc2946dc197b05f73577dc77f87dc3be2e0f66007bedf069123d4e5c4b691e7c89a241f6ca06f0c0f4765cdac5aa4b4047
  languageName: node
  linkType: hard

"jmespath@npm:0.15.0":
  version: 0.15.0
  resolution: "jmespath@npm:0.15.0"
  checksum: b3edb0b9773571d72dc1aa2d5590fa0f82419a0a04d5a0d09aee93219f41d046ea9cf3c36931fc48d9430348ca575530beab5968923544136cc8ddcd49ff7a47
  languageName: node
  linkType: hard

"lodash.defaults@npm:^4.2.0":
  version: 4.2.0
  resolution: "lodash.defaults@npm:4.2.0"
  checksum: fde72e71f7b7ece10c24e43dd601574168467d50bc76687302d40de341d5cb8e35b100105d938458747d2ad5f20d8bb736e62523ef39d1a8b40f7307c50f10ac
  languageName: node
  linkType: hard

"lodash.flatten@npm:^4.4.0":
  version: 4.4.0
  resolution: "lodash.flatten@npm:4.4.0"
  checksum: f22a7f6f163256d87345b07c76122e03d03abbf943b6c3aa5e5fafb7d5bce765013aedfc2aae7e649af0907287a2cf85de24237dbdd3ecd485a77d56e070b54c
  languageName: node
  linkType: hard

"ms@npm:2.1.2":
  version: 2.1.2
  resolution: "ms@npm:2.1.2"
  checksum: 9b65fb709bc30c0c07289dcbdb61ca032acbb9ea5698b55fa62e2cebb04c5953f1876a1f3f7f4bc2e91d4bf4d86003f3e207c3bc6ee2f716f99827e62389cd0e
  languageName: node
  linkType: hard

"p-map@npm:^2.1.0":
  version: 2.1.0
  resolution: "p-map@npm:2.1.0"
  checksum: 8557e841ed832a489aaee7d825b7bea73e0559c452578821f5af418f430a8455727ab8dd5b4318b6b6733096029cfa571aa0e8d21bdd2c213025f02f919f7a9a
  languageName: node
  linkType: hard

"punycode@npm:1.3.2":
  version: 1.3.2
  resolution: "punycode@npm:1.3.2"
  checksum: e67fddacd83b918ca2f4a47b1fd13858108779cdc2a3f2db3233ff82a25f9305d46e1d9891f7b9ad21ed36454adfc675d4559621fcffed2cf2067abd04e121cd
  languageName: node
  linkType: hard

"querystring@npm:0.2.0":
  version: 0.2.0
  resolution: "querystring@npm:0.2.0"
  checksum: 1e76c51462f0ffb148e0b2fdeb811f61377800298605229d32efcdaaaf0a8fd4314a4b4405e1fbf130a5ca421c0e51f926fab5bb9f8b9b3b8c394f4e2d33d3d1
  languageName: node
  linkType: hard

"redis-commands@npm:1.6.0":
  version: 1.6.0
  resolution: "redis-commands@npm:1.6.0"
  checksum: 11ad01e57fab4927c7410817fcaaf71079d5b50ebb05f9b38ba5719b9461e7b78f7a3f1f8a6d352336a6af336ef4fdc9a21ff1abb5111890edb71d56634ff53f
  languageName: node
  linkType: hard

"redis-errors@npm:^1.0.0, redis-errors@npm:^1.2.0":
  version: 1.2.0
  resolution: "redis-errors@npm:1.2.0"
  checksum: b260bb64a1c8523d32a56701681ac3e5cc6bb0a4eb09f1d30729ebba397021d274216ff189909c08fe3c6b706ec8b74948e20ea410b6f69d31b35bda3fb82a59
  languageName: node
  linkType: hard

"redis-parser@npm:^3.0.0":
  version: 3.0.0
  resolution: "redis-parser@npm:3.0.0"
  dependencies:
    redis-errors: ^1.0.0
  checksum: 45dbcb05bed2c80a4aac288bbefed2347ecf3508c24d542ab42efa21fd63b5aaca4208b206f05818835a2ac43abe09250c2638c11c3b0b66a5d67e83985e350f
  languageName: node
  linkType: hard

"sax@npm:1.2.1, sax@npm:>=0.6.0":
  version: 1.2.1
  resolution: "sax@npm:1.2.1"
  checksum: 66b63899332b663ad46800968c0ed30a12a0444d0acf83981488bab37e94f0933d6204e5fd2323cfd17950afad23660c3cbd218e33d7da8fe607e28efcd1fc0e
  languageName: node
  linkType: hard

"standard-as-callback@npm:^2.0.1":
  version: 2.0.1
  resolution: "standard-as-callback@npm:2.0.1"
  checksum: 58a0ddb90d674f6af7e099c1fedd339276e98a218fd88f1a6134a4910c5ff8d272815cf8cc758b2d61fa3f523853c8fa6ef3cb0692912e7ff35870dedffa8ffc
  languageName: node
  linkType: hard

typescript@^4.0.5:
  version: 4.0.5
  resolution: "typescript@npm:4.0.5"
  bin:
    tsc: bin/tsc
    tsserver: bin/tsserver
  checksum: ce94d4bbb914cc9d6fbd42e1476ab18c3292b262b8ba7ba76cd167a858545207a604e75bf1efbb75b8654c8f85deaa19795c3ef00098d7612855139b4ecc0240
  languageName: node
  linkType: hard

"typescript@patch:typescript@^4.0.5#builtin<compat/typescript>":
  version: 4.0.5
  resolution: "typescript@patch:typescript@npm%3A4.0.5#builtin<compat/typescript>::version=4.0.5&hash=5bf698"
  bin:
    tsc: bin/tsc
    tsserver: bin/tsserver
  checksum: d4be0bd2a2050b2d7b132cb2a40329178f181543e9d2ac6d1f06babd9f047208558a736a7effdeb28759ae2e815f070b61d10ee2f02cc93a6221a1490f21ffce
  languageName: node
  linkType: hard

"url@npm:0.10.3":
  version: 0.10.3
  resolution: "url@npm:0.10.3"
  dependencies:
    punycode: 1.3.2
    querystring: 0.2.0
  checksum: 4c197edb8280fd9bb49db060aa7519ce29c8ae979fafa1c94a56ad0e067dc9da86079f0af0cebeead5b6ea7c0629144830009c28f415e19d0ccd20ddbdb310b7
  languageName: node
  linkType: hard

"uuid@npm:3.3.2":
  version: 3.3.2
  resolution: "uuid@npm:3.3.2"
  bin:
    uuid: ./bin/uuid
  checksum: f407d974ca30b20bfbd32ae9cc05d20e18df5fd9e5fa088d91db04a6597125dcc8d09eeeb7237782724daba36418e24f557e0245e6ce7b8e4ad25d6436f1cde1
  languageName: node
  linkType: hard

"xml2js@npm:0.4.19":
  version: 0.4.19
  resolution: "xml2js@npm:0.4.19"
  dependencies:
    sax: ">=0.6.0"
    xmlbuilder: ~9.0.1
  checksum: 1c3b667a0b865fd9a086b0d01b317d95af2bb5aef837e5f3c54a3cb9283350b4be0ea7b88723e488f586bac4b4ca711b108878c45cc69f175b0d14b2c142a4dc
  languageName: node
  linkType: hard

"xmlbuilder@npm:~9.0.1":
  version: 9.0.7
  resolution: "xmlbuilder@npm:9.0.7"
  checksum: aeef38b26bcfe0ddec25d8751a1e8980cf4ea63f327c123ed64dd29ffd1e8a57b6bc99be57dab1f99064c97ba3b140ed1454cfbeeab651f1e264d74b2d6f2b7f
  languageName: node
  linkType: hard
